
Microsoft Visual Studio Solution File, Format Version 12.00
# Visual Studio Version 16
VisualStudioVersion = 16.0.31702.278
MinimumVisualStudioVersion = 10.0.40219.1
Project("{FAE04EC0-301F-11D3-BF4B-00C04F79EFBC}") = "Lab2", "Lab2\Lab2.csproj", "{9FE9D407-0557-4156-AD13-04B408700B8C}"
EndProject
Global
	GlobalSection(SolutionConfigurationPlatforms) = preSolution
		Debug|Any CPU = Debug|Any CPU
		Release|Any CPU = Release|Any CPU
	EndGlobalSection
	GlobalSection(ProjectConfigurationPlatforms) = postSolution
		{9FE9D407-0557-4156-AD13-04B408700B8C}.Debug|Any CPU.ActiveCfg = Debug|Any CPU
		{9FE9D407-0557-4156-AD13-04B408700B8C}.Debug|Any CPU.Build.0 = Debug|Any CPU
		{9FE9D407-0557-4156-AD13-04B408700B8C}.Release|Any CPU.ActiveCfg = Release|Any CPU
		{9FE9D407-0557-4156-AD13-04B408700B8C}.Release|Any CPU.Build.0 = Release|Any CPU
	EndGlobalSection
	GlobalSection(SolutionProperties) = preSolution
		HideSolutionNode = FALSE
	EndGlobalSection
	GlobalSection(ExtensibilityGlobals) = postSolution
		SolutionGuid = {D5EA60AE-9427-48F6-B081-7B6923745898}
	EndGlobalSection
EndGlobal
